
Microsoft Visual Studio Solution File, Format Version 12.00
# Visual Studio Version 16
VisualStudioVersion = 16.0.34114.132
MinimumVisualStudioVersion = 10.0.40219.1
Project("{FAE04EC0-301F-11D3-BF4B-00C04F79EFBC}") = "408proje", "408proje\408proje.csproj", "{7B40C684-A844-4E84-8907-4C0BBCCF34B7}"
EndProject
Global
	GlobalSection(SolutionConfigurationPlatforms) = preSolution
		Debug|Any CPU = Debug|Any CPU
		Release|Any CPU = Release|Any CPU
	EndGlobalSection
	GlobalSection(ProjectConfigurationPlatforms) = postSolution
		{7B40C684-A844-4E84-8907-4C0BBCCF34B7}.Debug|Any CPU.ActiveCfg = Debug|Any CPU
		{7B40C684-A844-4E84-8907-4C0BBCCF34B7}.Debug|Any CPU.Build.0 = Debug|Any CPU
		{7B40C684-A844-4E84-8907-4C0BBCCF34B7}.Release|Any CPU.ActiveCfg = Release|Any CPU
		{7B40C684-A844-4E84-8907-4C0BBCCF34B7}.Release|Any CPU.Build.0 = Release|Any CPU
	EndGlobalSection
	GlobalSection(SolutionProperties) = preSolution
		HideSolutionNode = FALSE
	EndGlobalSection
	GlobalSection(ExtensibilityGlobals) = postSolution
		SolutionGuid = {17B221A0-0F9A-40AF-88A2-F9C9BC83564F}
	EndGlobalSection
EndGlobal
